
Microsoft Visual Studio Solution File, Format Version 12.00
# Visual Studio Version 17
VisualStudioVersion = 17.7.34202.233
MinimumVisualStudioVersion = 10.0.40219.1
Project("{FAE04EC0-301F-11D3-BF4B-00C04F79EFBC}") = "RentCar", "RentCar.csproj", "{6C8D90BB-3411-4595-8CCA-7CD73E8640DB}"
EndProject
Project("{FAE04EC0-301F-11D3-BF4B-00C04F79EFBC}") = "Data", "..\Data\Data.csproj", "{36997A2D-4D1F-49E2-851D-5C4968E5CB90}"
EndProject
Project("{FAE04EC0-301F-11D3-BF4B-00C04F79EFBC}") = "Repository", "..\Repository\Repository.csproj", "{C5AA459D-AB74-48B7-8CA7-04CCFB5A4634}"
EndProject
Global
	GlobalSection(SolutionConfigurationPlatforms) = preSolution
		Debug|Any CPU = Debug|Any CPU
		Release|Any CPU = Release|Any CPU
	EndGlobalSection
	GlobalSection(ProjectConfigurationPlatforms) = postSolution
		{6C8D90BB-3411-4595-8CCA-7CD73E8640DB}.Debug|Any CPU.ActiveCfg = Debug|Any CPU
		{6C8D90BB-3411-4595-8CCA-7CD73E8640DB}.Debug|Any CPU.Build.0 = Debug|Any CPU
		{6C8D90BB-3411-4595-8CCA-7CD73E8640DB}.Release|Any CPU.ActiveCfg = Release|Any CPU
		{6C8D90BB-3411-4595-8CCA-7CD73E8640DB}.Release|Any CPU.Build.0 = Release|Any CPU
		{36997A2D-4D1F-49E2-851D-5C4968E5CB90}.Debug|Any CPU.ActiveCfg = Debug|Any CPU
		{36997A2D-4D1F-49E2-851D-5C4968E5CB90}.Debug|Any CPU.Build.0 = Debug|Any CPU
		{36997A2D-4D1F-49E2-851D-5C4968E5CB90}.Release|Any CPU.ActiveCfg = Release|Any CPU
		{36997A2D-4D1F-49E2-851D-5C4968E5CB90}.Release|Any CPU.Build.0 = Release|Any CPU
		{C5AA459D-AB74-48B7-8CA7-04CCFB5A4634}.Debug|Any CPU.ActiveCfg = Debug|Any CPU
		{C5AA459D-AB74-48B7-8CA7-04CCFB5A4634}.Debug|Any CPU.Build.0 = Debug|Any CPU
		{C5AA459D-AB74-48B7-8CA7-04CCFB5A4634}.Release|Any CPU.ActiveCfg = Release|Any CPU
		{C5AA459D-AB74-48B7-8CA7-04CCFB5A4634}.Release|Any CPU.Build.0 = Release|Any CPU
	EndGlobalSection
	GlobalSection(SolutionProperties) = preSolution
		HideSolutionNode = FALSE
	EndGlobalSection
	GlobalSection(ExtensibilityGlobals) = postSolution
		SolutionGuid = {732D3796-4AAD-4CFE-908C-FA022CCF4C0D}
	EndGlobalSection
EndGlobal
